// !$*UTF8*$!
{
	archiveVersion = 1;
	classes = {
	};
	objectVersion = 46;
	objects = {

/* Begin PBXBuildFile section */
		100DD99B1CBC5362002336E9 /* SearchTableController.swift in Sources */ = {isa = PBXBuildFile; fileRef = 100DD99A1CBC5362002336E9 /* SearchTableController.swift */; };
		100FB8971CAF332E006C00C3 /* ParseConstants.swift in Sources */ = {isa = PBXBuildFile; fileRef = 100FB8961CAF332E006C00C3 /* ParseConstants.swift */; };
		100FB8991CAF334C006C00C3 /* ParseClient.swift in Sources */ = {isa = PBXBuildFile; fileRef = 100FB8981CAF334C006C00C3 /* ParseClient.swift */; };
		100FB89B1CAF3B7A006C00C3 /* UserInfoStruct.swift in Sources */ = {isa = PBXBuildFile; fileRef = 100FB89A1CAF3B7A006C00C3 /* UserInfoStruct.swift */; };
		100FB89D1CAF4525006C00C3 /* ParseConvenience.swift in Sources */ = {isa = PBXBuildFile; fileRef = 100FB89C1CAF4525006C00C3 /* ParseConvenience.swift */; };
		10324B071CA627BD009041F5 /* AppDelegate.swift in Sources */ = {isa = PBXBuildFile; fileRef = 10324B061CA627BD009041F5 /* AppDelegate.swift */; };
		10324B091CA627BD009041F5 /* ViewController.swift in Sources */ = {isa = PBXBuildFile; fileRef = 10324B081CA627BD009041F5 /* ViewController.swift */; };
		10324B0C1CA627BD009041F5 /* Main.storyboard in Resources */ = {isa = PBXBuildFile; fileRef = 10324B0A1CA627BD009041F5 /* Main.storyboard */; };
		10324B0F1CA627BD009041F5 /* On_The_Map.xcdatamodeld in Sources */ = {isa = PBXBuildFile; fileRef = 10324B0D1CA627BD009041F5 /* On_The_Map.xcdatamodeld */; };
		10324B111CA627BD009041F5 /* Assets.xcassets in Resources */ = {isa = PBXBuildFile; fileRef = 10324B101CA627BD009041F5 /* Assets.xcassets */; };
		10324B141CA627BD009041F5 /* LaunchScreen.storyboard in Resources */ = {isa = PBXBuildFile; fileRef = 10324B121CA627BD009041F5 /* LaunchScreen.storyboard */; };
		10324B1F1CA627BD009041F5 /* On_The_MapTests.swift in Sources */ = {isa = PBXBuildFile; fileRef = 10324B1E1CA627BD009041F5 /* On_The_MapTests.swift */; };
		10324B2A1CA627BD009041F5 /* On_The_MapUITests.swift in Sources */ = {isa = PBXBuildFile; fileRef = 10324B291CA627BD009041F5 /* On_The_MapUITests.swift */; };
		10324B381CA62CA8009041F5 /* OnTheMapClient.swift in Sources */ = {isa = PBXBuildFile; fileRef = 10324B371CA62CA8009041F5 /* OnTheMapClient.swift */; };
		10324B3A1CA63305009041F5 /* OnTheMapConvenience.swift in Sources */ = {isa = PBXBuildFile; fileRef = 10324B391CA63305009041F5 /* OnTheMapConvenience.swift */; };
		10324B3C1CA63455009041F5 /* OnTheMapConstants.swift in Sources */ = {isa = PBXBuildFile; fileRef = 10324B3B1CA63455009041F5 /* OnTheMapConstants.swift */; };
		10324B3E1CA9E548009041F5 /* CFNetwork.framework in Frameworks */ = {isa = PBXBuildFile; fileRef = 10324B3D1CA9E548009041F5 /* CFNetwork.framework */; };
		10324B401CA9E553009041F5 /* CoreData.framework in Frameworks */ = {isa = PBXBuildFile; fileRef = 10324B3F1CA9E553009041F5 /* CoreData.framework */; };
		10324B421CA9E55E009041F5 /* AVFoundation.framework in Frameworks */ = {isa = PBXBuildFile; fileRef = 10324B411CA9E55E009041F5 /* AVFoundation.framework */; };
		10324B441CA9E573009041F5 /* Foundation.framework in Frameworks */ = {isa = PBXBuildFile; fileRef = 10324B431CA9E573009041F5 /* Foundation.framework */; };
		10324B461CA9E599009041F5 /* UIKit.framework in Frameworks */ = {isa = PBXBuildFile; fileRef = 10324B451CA9E599009041F5 /* UIKit.framework */; };
		10324B481CAA1165009041F5 /* BlackBox.swift in Sources */ = {isa = PBXBuildFile; fileRef = 10324B471CAA1165009041F5 /* BlackBox.swift */; };
		1078B4C01CAB844900BC8E81 /* MapKit.framework in Frameworks */ = {isa = PBXBuildFile; fileRef = 1078B4BF1CAB844900BC8E81 /* MapKit.framework */; };
		1078B4C21CABA1E000BC8E81 /* MapMapViewController.swift in Sources */ = {isa = PBXBuildFile; fileRef = 1078B4C11CABA1E000BC8E81 /* MapMapViewController.swift */; };
		107DB23F1CB1F2F000CB291A /* OnTheMapTable.swift in Sources */ = {isa = PBXBuildFile; fileRef = 107DB23E1CB1F2F000CB291A /* OnTheMapTable.swift */; };
		10B4C49D1CB8C00B00C144C9 /* InformationPostingViewController.swift in Sources */ = {isa = PBXBuildFile; fileRef = 10B4C49C1CB8C00B00C144C9 /* InformationPostingViewController.swift */; };
		7ADA7E89A677C38A08E49FCA /* Pods_On_The_Map.framework in Frameworks */ = {isa = PBXBuildFile; fileRef = 4799395FD9E9005756A2C768 /* Pods_On_The_Map.framework */; };
/* End PBXBuildFile section */

/* Begin PBXContainerItemProxy section */
		10324B1B1CA627BD009041F5 /* PBXContainerItemProxy */ = {
			isa = PBXContainerItemProxy;
			containerPortal = 10324AFB1CA627BC009041F5 /* Project object */;
			proxyType = 1;
			remoteGlobalIDString = 10324B021CA627BD009041F5;
			remoteInfo = "On The Map";
		};
		10324B261CA627BD009041F5 /* PBXContainerItemProxy */ = {
			isa = PBXContainerItemProxy;
			containerPortal = 10324AFB1CA627BC009041F5 /* Project object */;
			proxyType = 1;
			remoteGlobalIDString = 10324B021CA627BD009041F5;
			remoteInfo = "On The Map";
		};
/* End PBXContainerItemProxy section */

/* Begin PBXFileReference section */
		07D2B375E41406CDB4CE12D7 /* Pods-On The Map.debug.xcconfig */ = {isa = PBXFileReference; includeInIndex = 1; lastKnownFileType = text.xcconfig; name = "Pods-On The Map.debug.xcconfig"; path = "Pods/Target Support Files/Pods-On The Map/Pods-On The Map.debug.xcconfig"; sourceTree = "<group>"; };
		100DD99A1CBC5362002336E9 /* SearchTableController.swift */ = {isa = PBXFileReference; fileEncoding = 4; lastKnownFileType = sourcecode.swift; path = SearchTableController.swift; sourceTree = "<group>"; };
		100FB8961CAF332E006C00C3 /* ParseConstants.swift */ = {isa = PBXFileReference; fileEncoding = 4; lastKnownFileType = sourcecode.swift; path = ParseConstants.swift; sourceTree = "<group>"; };
		100FB8981CAF334C006C00C3 /* ParseClient.swift */ = {isa = PBXFileReference; fileEncoding = 4; lastKnownFileType = sourcecode.swift; path = ParseClient.swift; sourceTree = "<group>"; };
		100FB89A1CAF3B7A006C00C3 /* UserInfoStruct.swift */ = {isa = PBXFileReference; fileEncoding = 4; lastKnownFileType = sourcecode.swift; path = UserInfoStruct.swift; sourceTree = "<group>"; };
		100FB89C1CAF4525006C00C3 /* ParseConvenience.swift */ = {isa = PBXFileReference; fileEncoding = 4; lastKnownFileType = sourcecode.swift; path = ParseConvenience.swift; sourceTree = "<group>"; };
		10324B031CA627BD009041F5 /* On The Map.app */ = {isa = PBXFileReference; explicitFileType = wrapper.application; includeInIndex = 0; path = "On The Map.app"; sourceTree = BUILT_PRODUCTS_DIR; };
		10324B061CA627BD009041F5 /* AppDelegate.swift */ = {isa = PBXFileReference; lastKnownFileType = sourcecode.swift; path = AppDelegate.swift; sourceTree = "<group>"; };
		10324B081CA627BD009041F5 /* ViewController.swift */ = {isa = PBXFileReference; lastKnownFileType = sourcecode.swift; path = ViewController.swift; sourceTree = "<group>"; };
		10324B0B1CA627BD009041F5 /* Base */ = {isa = PBXFileReference; lastKnownFileType = file.storyboard; name = Base; path = Base.lproj/Main.storyboard; sourceTree = "<group>"; };
		10324B0E1CA627BD009041F5 /* On_The_Map.xcdatamodel */ = {isa = PBXFileReference; lastKnownFileType = wrapper.xcdatamodel; path = On_The_Map.xcdatamodel; sourceTree = "<group>"; };
		10324B101CA627BD009041F5 /* Assets.xcassets */ = {isa = PBXFileReference; lastKnownFileType = folder.assetcatalog; path = Assets.xcassets; sourceTree = "<group>"; };
		10324B131CA627BD009041F5 /* Base */ = {isa = PBXFileReference; lastKnownFileType = file.storyboard; name = Base; path = Base.lproj/LaunchScreen.storyboard; sourceTree = "<group>"; };
		10324B151CA627BD009041F5 /* Info.plist */ = {isa = PBXFileReference; lastKnownFileType = text.plist.xml; path = Info.plist; sourceTree = "<group>"; };
		10324B1A1CA627BD009041F5 /* On The MapTests.xctest */ = {isa = PBXFileReference; explicitFileType = wrapper.cfbundle; includeInIndex = 0; path = "On The MapTests.xctest"; sourceTree = BUILT_PRODUCTS_DIR; };
		10324B1E1CA627BD009041F5 /* On_The_MapTests.swift */ = {isa = PBXFileReference; lastKnownFileType = sourcecode.swift; path = On_The_MapTests.swift; sourceTree = "<group>"; };
		10324B201CA627BD009041F5 /* Info.plist */ = {isa = PBXFileReference; lastKnownFileType = text.plist.xml; path = Info.plist; sourceTree = "<group>"; };
		10324B251CA627BD009041F5 /* On The MapUITests.xctest */ = {isa = PBXFileReference; explicitFileType = wrapper.cfbundle; includeInIndex = 0; path = "On The MapUITests.xctest"; sourceTree = BUILT_PRODUCTS_DIR; };
		10324B291CA627BD009041F5 /* On_The_MapUITests.swift */ = {isa = PBXFileReference; lastKnownFileType = sourcecode.swift; path = On_The_MapUITests.swift; sourceTree = "<group>"; };
		10324B2B1CA627BD009041F5 /* Info.plist */ = {isa = PBXFileReference; lastKnownFileType = text.plist.xml; path = Info.plist; sourceTree = "<group>"; };
		10324B371CA62CA8009041F5 /* OnTheMapClient.swift */ = {isa = PBXFileReference; fileEncoding = 4; lastKnownFileType = sourcecode.swift; path = OnTheMapClient.swift; sourceTree = "<group>"; };
		10324B391CA63305009041F5 /* OnTheMapConvenience.swift */ = {isa = PBXFileReference; fileEncoding = 4; lastKnownFileType = sourcecode.swift; path = OnTheMapConvenience.swift; sourceTree = "<group>"; };
		10324B3B1CA63455009041F5 /* OnTheMapConstants.swift */ = {isa = PBXFileReference; fileEncoding = 4; lastKnownFileType = sourcecode.swift; path = OnTheMapConstants.swift; sourceTree = "<group>"; };
		10324B3D1CA9E548009041F5 /* CFNetwork.framework */ = {isa = PBXFileReference; lastKnownFileType = wrapper.framework; name = CFNetwork.framework; path = System/Library/Frameworks/CFNetwork.framework; sourceTree = SDKROOT; };
		10324B3F1CA9E553009041F5 /* CoreData.framework */ = {isa = PBXFileReference; lastKnownFileType = wrapper.framework; name = CoreData.framework; path = System/Library/Frameworks/CoreData.framework; sourceTree = SDKROOT; };
		10324B411CA9E55E009041F5 /* AVFoundation.framework */ = {isa = PBXFileReference; lastKnownFileType = wrapper.framework; name = AVFoundation.framework; path = System/Library/Frameworks/AVFoundation.framework; sourceTree = SDKROOT; };
		10324B431CA9E573009041F5 /* Foundation.framework */ = {isa = PBXFileReference; lastKnownFileType = wrapper.framework; name = Foundation.framework; path = System/Library/Frameworks/Foundation.framework; sourceTree = SDKROOT; };
		10324B451CA9E599009041F5 /* UIKit.framework */ = {isa = PBXFileReference; lastKnownFileType = wrapper.framework; name = UIKit.framework; path = System/Library/Frameworks/UIKit.framework; sourceTree = SDKROOT; };
		10324B471CAA1165009041F5 /* BlackBox.swift */ = {isa = PBXFileReference; fileEncoding = 4; lastKnownFileType = sourcecode.swift; name = BlackBox.swift; path = ../BlackBox.swift; sourceTree = "<group>"; };
		1078B4BF1CAB844900BC8E81 /* MapKit.framework */ = {isa = PBXFileReference; lastKnownFileType = wrapper.framework; name = MapKit.framework; path = System/Library/Frameworks/MapKit.framework; sourceTree = SDKROOT; };
		1078B4C11CABA1E000BC8E81 /* MapMapViewController.swift */ = {isa = PBXFileReference; fileEncoding = 4; lastKnownFileType = sourcecode.swift; path = MapMapViewController.swift; sourceTree = "<group>"; };
		107DB23E1CB1F2F000CB291A /* OnTheMapTable.swift */ = {isa = PBXFileReference; fileEncoding = 4; lastKnownFileType = sourcecode.swift; name = OnTheMapTable.swift; path = ../OnTheMapTable.swift; sourceTree = "<group>"; };
		10B4C4981CB8ADA900C144C9 /* On The Map-Bridging-Header.h */ = {isa = PBXFileReference; lastKnownFileType = sourcecode.c.h; path = "On The Map-Bridging-Header.h"; sourceTree = "<group>"; };
		10B4C49C1CB8C00B00C144C9 /* InformationPostingViewController.swift */ = {isa = PBXFileReference; fileEncoding = 4; lastKnownFileType = sourcecode.swift; path = InformationPostingViewController.swift; sourceTree = "<group>"; };
		4799395FD9E9005756A2C768 /* Pods_On_The_Map.framework */ = {isa = PBXFileReference; explicitFileType = wrapper.framework; includeInIndex = 0; path = Pods_On_The_Map.framework; sourceTree = BUILT_PRODUCTS_DIR; };
		D584FFAD3E81028A31EF3F4B /* Pods-On The Map.release.xcconfig */ = {isa = PBXFileReference; includeInIndex = 1; lastKnownFileType = text.xcconfig; name = "Pods-On The Map.release.xcconfig"; path = "Pods/Target Support Files/Pods-On The Map/Pods-On The Map.release.xcconfig"; sourceTree = "<group>"; };
/* End PBXFileReference section */

/* Begin PBXFrameworksBuildPhase section */
		10324B001CA627BD009041F5 /* Frameworks */ = {
			isa = PBXFrameworksBuildPhase;
			buildActionMask = 2147483647;
			files = (
				1078B4C01CAB844900BC8E81 /* MapKit.framework in Frameworks */,
				10324B461CA9E599009041F5 /* UIKit.framework in Frameworks */,
				10324B441CA9E573009041F5 /* Foundation.framework in Frameworks */,
				10324B421CA9E55E009041F5 /* AVFoundation.framework in Frameworks */,
				10324B401CA9E553009041F5 /* CoreData.framework in Frameworks */,
				10324B3E1CA9E548009041F5 /* CFNetwork.framework in Frameworks */,
				7ADA7E89A677C38A08E49FCA /* Pods_On_The_Map.framework in Frameworks */,
			);
			runOnlyForDeploymentPostprocessing = 0;
		};
		10324B171CA627BD009041F5 /* Frameworks */ = {
			isa = PBXFrameworksBuildPhase;
			buildActionMask = 2147483647;
			files = (
			);
			runOnlyForDeploymentPostprocessing = 0;
		};
		10324B221CA627BD009041F5 /* Frameworks */ = {
			isa = PBXFrameworksBuildPhase;
			buildActionMask = 2147483647;
			files = (
			);
			runOnlyForDeploymentPostprocessing = 0;
		};
/* End PBXFrameworksBuildPhase section */

/* Begin PBXGroup section */
		10324AFA1CA627BC009041F5 = {
			isa = PBXGroup;
			children = (
				1078B4BF1CAB844900BC8E81 /* MapKit.framework */,
				10324B451CA9E599009041F5 /* UIKit.framework */,
				10324B431CA9E573009041F5 /* Foundation.framework */,
				10324B411CA9E55E009041F5 /* AVFoundation.framework */,
				10324B3F1CA9E553009041F5 /* CoreData.framework */,
				10324B3D1CA9E548009041F5 /* CFNetwork.framework */,
				10324B051CA627BD009041F5 /* On The Map */,
				10324B1D1CA627BD009041F5 /* On The MapTests */,
				10324B281CA627BD009041F5 /* On The MapUITests */,
				10324B041CA627BD009041F5 /* Products */,
				8ACE6A6D19119D5D2CC21167 /* Pods */,
				E5DF625CAD51ABE0EA63A2FD /* Frameworks */,
			);
			sourceTree = "<group>";
		};
		10324B041CA627BD009041F5 /* Products */ = {
			isa = PBXGroup;
			children = (
				10324B031CA627BD009041F5 /* On The Map.app */,
				10324B1A1CA627BD009041F5 /* On The MapTests.xctest */,
				10324B251CA627BD009041F5 /* On The MapUITests.xctest */,
			);
			name = Products;
			sourceTree = "<group>";
		};
		10324B051CA627BD009041F5 /* On The Map */ = {
			isa = PBXGroup;
			children = (
				10324B061CA627BD009041F5 /* AppDelegate.swift */,
				10324B471CAA1165009041F5 /* BlackBox.swift */,
				10324B081CA627BD009041F5 /* ViewController.swift */,
				1078B4C11CABA1E000BC8E81 /* MapMapViewController.swift */,
				107DB23E1CB1F2F000CB291A /* OnTheMapTable.swift */,
				100FB8961CAF332E006C00C3 /* ParseConstants.swift */,
				100FB8981CAF334C006C00C3 /* ParseClient.swift */,
				100FB89C1CAF4525006C00C3 /* ParseConvenience.swift */,
				100FB89A1CAF3B7A006C00C3 /* UserInfoStruct.swift */,
				10324B371CA62CA8009041F5 /* OnTheMapClient.swift */,
				10324B391CA63305009041F5 /* OnTheMapConvenience.swift */,
				10324B3B1CA63455009041F5 /* OnTheMapConstants.swift */,
				10B4C49C1CB8C00B00C144C9 /* InformationPostingViewController.swift */,
				100DD99A1CBC5362002336E9 /* SearchTableController.swift */,
				10324B0A1CA627BD009041F5 /* Main.storyboard */,
				10324B101CA627BD009041F5 /* Assets.xcassets */,
				10324B121CA627BD009041F5 /* LaunchScreen.storyboard */,
				10324B151CA627BD009041F5 /* Info.plist */,
				10324B0D1CA627BD009041F5 /* On_The_Map.xcdatamodeld */,
				10B4C4981CB8ADA900C144C9 /* On The Map-Bridging-Header.h */,
			);
			path = "On The Map";
			sourceTree = "<group>";
		};
		10324B1D1CA627BD009041F5 /* On The MapTests */ = {
			isa = PBXGroup;
			children = (
				10324B1E1CA627BD009041F5 /* On_The_MapTests.swift */,
				10324B201CA627BD009041F5 /* Info.plist */,
			);
			path = "On The MapTests";
			sourceTree = "<group>";
		};
		10324B281CA627BD009041F5 /* On The MapUITests */ = {
			isa = PBXGroup;
			children = (
				10324B291CA627BD009041F5 /* On_The_MapUITests.swift */,
				10324B2B1CA627BD009041F5 /* Info.plist */,
			);
			path = "On The MapUITests";
			sourceTree = "<group>";
		};
		8ACE6A6D19119D5D2CC21167 /* Pods */ = {
			isa = PBXGroup;
			children = (
				07D2B375E41406CDB4CE12D7 /* Pods-On The Map.debug.xcconfig */,
				D584FFAD3E81028A31EF3F4B /* Pods-On The Map.release.xcconfig */,
			);
			name = Pods;
			sourceTree = "<group>";
		};
		E5DF625CAD51ABE0EA63A2FD /* Frameworks */ = {
			isa = PBXGroup;
			children = (
				4799395FD9E9005756A2C768 /* Pods_On_The_Map.framework */,
			);
			name = Frameworks;
			sourceTree = "<group>";
		};
/* End PBXGroup section */

/* Begin PBXNativeTarget section */
		10324B021CA627BD009041F5 /* On The Map */ = {
			isa = PBXNativeTarget;
			buildConfigurationList = 10324B2E1CA627BD009041F5 /* Build configuration list for PBXNativeTarget "On The Map" */;
			buildPhases = (
				81DCDA8FFC5D66B542E92DEE /* Check Pods Manifest.lock */,
				10324AFF1CA627BD009041F5 /* Sources */,
				10324B001CA627BD009041F5 /* Frameworks */,
				10324B011CA627BD009041F5 /* Resources */,
				B54C5CF6CF037738F9496171 /* Embed Pods Frameworks */,
				E4F3EBCBF4765EC3BB46C536 /* Copy Pods Resources */,
			);
			buildRules = (
			);
			dependencies = (
			);
			name = "On The Map";
			productName = "On The Map";
			productReference = 10324B031CA627BD009041F5 /* On The Map.app */;
			productType = "com.apple.product-type.application";
		};
		10324B191CA627BD009041F5 /* On The MapTests */ = {
			isa = PBXNativeTarget;
			buildConfigurationList = 10324B311CA627BD009041F5 /* Build configuration list for PBXNativeTarget "On The MapTests" */;
			buildPhases = (
				10324B161CA627BD009041F5 /* Sources */,
				10324B171CA627BD009041F5 /* Frameworks */,
				10324B181CA627BD009041F5 /* Resources */,
			);
			buildRules = (
			);
			dependencies = (
				10324B1C1CA627BD009041F5 /* PBXTargetDependency */,
			);
			name = "On The MapTests";
			productName = "On The MapTests";
			productReference = 10324B1A1CA627BD009041F5 /* On The MapTests.xctest */;
			productType = "com.apple.product-type.bundle.unit-test";
		};
		10324B241CA627BD009041F5 /* On The MapUITests */ = {
			isa = PBXNativeTarget;
			buildConfigurationList = 10324B341CA627BD009041F5 /* Build configuration list for PBXNativeTarget "On The MapUITests" */;
			buildPhases = (
				10324B211CA627BD009041F5 /* Sources */,
				10324B221CA627BD009041F5 /* Frameworks */,
				10324B231CA627BD009041F5 /* Resources */,
			);
			buildRules = (
			);
			dependencies = (
				10324B271CA627BD009041F5 /* PBXTargetDependency */,
			);
			name = "On The MapUITests";
			productName = "On The MapUITests";
			productReference = 10324B251CA627BD009041F5 /* On The MapUITests.xctest */;
			productType = "com.apple.product-type.bundle.ui-testing";
		};
/* End PBXNativeTarget section */

/* Begin PBXProject section */
		10324AFB1CA627BC009041F5 /* Project object */ = {
			isa = PBXProject;
			attributes = {
				LastSwiftUpdateCheck = 0730;
				LastUpgradeCheck = 0710;
				ORGANIZATIONNAME = "On The Map";
				TargetAttributes = {
					10324B021CA627BD009041F5 = {
						CreatedOnToolsVersion = 7.1;
						DevelopmentTeam = QEZ57R9UKD;
					};
					10324B191CA627BD009041F5 = {
						CreatedOnToolsVersion = 7.1;
						TestTargetID = 10324B021CA627BD009041F5;
					};
					10324B241CA627BD009041F5 = {
						CreatedOnToolsVersion = 7.1;
						TestTargetID = 10324B021CA627BD009041F5;
					};
				};
			};
			buildConfigurationList = 10324AFE1CA627BD009041F5 /* Build configuration list for PBXProject "On The Map" */;
			compatibilityVersion = "Xcode 3.2";
			developmentRegion = English;
			hasScannedForEncodings = 0;
			knownRegions = (
				en,
				Base,
			);
			mainGroup = 10324AFA1CA627BC009041F5;
			productRefGroup = 10324B041CA627BD009041F5 /* Products */;
			projectDirPath = "";
			projectRoot = "";
			targets = (
				10324B021CA627BD009041F5 /* On The Map */,
				10324B191CA627BD009041F5 /* On The MapTests */,
				10324B241CA627BD009041F5 /* On The MapUITests */,
			);
		};
/* End PBXProject section */

/* Begin PBXResourcesBuildPhase section */
		10324B011CA627BD009041F5 /* Resources */ = {
			isa = PBXResourcesBuildPhase;
			buildActionMask = 2147483647;
			files = (
				10324B141CA627BD009041F5 /* LaunchScreen.storyboard in Resources */,
				10324B111CA627BD009041F5 /* Assets.xcassets in Resources */,
				10324B0C1CA627BD009041F5 /* Main.storyboard in Resources */,
			);
			runOnlyForDeploymentPostprocessing = 0;
		};
		10324B181CA627BD009041F5 /* Resources */ = {
			isa = PBXResourcesBuildPhase;
			buildActionMask = 2147483647;
			files = (
			);
			runOnlyForDeploymentPostprocessing = 0;
		};
		10324B231CA627BD009041F5 /* Resources */ = {
			isa = PBXResourcesBuildPhase;
			buildActionMask = 2147483647;
			files = (
			);
			runOnlyForDeploymentPostprocessing = 0;
		};
/* End PBXResourcesBuildPhase section */

/* Begin PBXShellScriptBuildPhase section */
		81DCDA8FFC5D66B542E92DEE /* Check Pods Manifest.lock */ = {
			isa = PBXShellScriptBuildPhase;
			buildActionMask = 2147483647;
			files = (
			);
			inputPaths = (
			);
			name = "Check Pods Manifest.lock";
			outputPaths = (
			);
			runOnlyForDeploymentPostprocessing = 0;
			shellPath = /bin/sh;
			shellScript = "diff \"${PODS_ROOT}/../Podfile.lock\" \"${PODS_ROOT}/Manifest.lock\" > /dev/null\nif [[ $? != 0 ]] ; then\n    cat << EOM\nerror: The sandbox is not in sync with the Podfile.lock. Run 'pod install' or update your CocoaPods installation.\nEOM\n    exit 1\nfi\n";
			showEnvVarsInLog = 0;
		};
		B54C5CF6CF037738F9496171 /* Embed Pods Frameworks */ = {
			isa = PBXShellScriptBuildPhase;
			buildActionMask = 2147483647;
			files = (
			);
			inputPaths = (
			);
			name = "Embed Pods Frameworks";
			outputPaths = (
			);
			runOnlyForDeploymentPostprocessing = 0;
			shellPath = /bin/sh;
			shellScript = "\"${SRCROOT}/Pods/Target Support Files/Pods-On The Map/Pods-On The Map-frameworks.sh\"\n";
			showEnvVarsInLog = 0;
		};
		E4F3EBCBF4765EC3BB46C536 /* Copy Pods Resources */ = {
			isa = PBXShellScriptBuildPhase;
			buildActionMask = 2147483647;
			files = (
			);
			inputPaths = (
			);
			name = "Copy Pods Resources";
			outputPaths = (
			);
			runOnlyForDeploymentPostprocessing = 0;
			shellPath = /bin/sh;
			shellScript = "\"${SRCROOT}/Pods/Target Support Files/Pods-On The Map/Pods-On The Map-resources.sh\"\n";
			showEnvVarsInLog = 0;
		};
/* End PBXShellScriptBuildPhase section */

/* Begin PBXSourcesBuildPhase section */
		10324AFF1CA627BD009041F5 /* Sources */ = {
			isa = PBXSourcesBuildPhase;
			buildActionMask = 2147483647;
			files = (
				1078B4C21CABA1E000BC8E81 /* MapMapViewController.swift in Sources */,
				100FB89D1CAF4525006C00C3 /* ParseConvenience.swift in Sources */,
				10324B091CA627BD009041F5 /* ViewController.swift in Sources */,
				107DB23F1CB1F2F000CB291A /* OnTheMapTable.swift in Sources */,
				10B4C49D1CB8C00B00C144C9 /* InformationPostingViewController.swift in Sources */,
				10324B3C1CA63455009041F5 /* OnTheMapConstants.swift in Sources */,
				10324B0F1CA627BD009041F5 /* On_The_Map.xcdatamodeld in Sources */,
				10324B3A1CA63305009041F5 /* OnTheMapConvenience.swift in Sources */,
				100FB8971CAF332E006C00C3 /* ParseConstants.swift in Sources */,
				100FB8991CAF334C006C00C3 /* ParseClient.swift in Sources */,
				100FB89B1CAF3B7A006C00C3 /* UserInfoStruct.swift in Sources */,
				10324B481CAA1165009041F5 /* BlackBox.swift in Sources */,
				100DD99B1CBC5362002336E9 /* SearchTableController.swift in Sources */,
				10324B381CA62CA8009041F5 /* OnTheMapClient.swift in Sources */,
				10324B071CA627BD009041F5 /* AppDelegate.swift in Sources */,
			);
			runOnlyForDeploymentPostprocessing = 0;
		};
		10324B161CA627BD009041F5 /* Sources */ = {
			isa = PBXSourcesBuildPhase;
			buildActionMask = 2147483647;
			files = (
				10324B1F1CA627BD009041F5 /* On_The_MapTests.swift in Sources */,
			);
			runOnlyForDeploymentPostprocessing = 0;
		};
		10324B211CA627BD009041F5 /* Sources */ = {
			isa = PBXSourcesBuildPhase;
			buildActionMask = 2147483647;
			files = (
				10324B2A1CA627BD009041F5 /* On_The_MapUITests.swift in Sources */,
			);
			runOnlyForDeploymentPostprocessing = 0;
		};
/* End PBXSourcesBuildPhase section */

/* Begin PBXTargetDependency section */
		10324B1C1CA627BD009041F5 /* PBXTargetDependency */ = {
			isa = PBXTargetDependency;
			target = 10324B021CA627BD009041F5 /* On The Map */;
			targetProxy = 10324B1B1CA627BD009041F5 /* PBXContainerItemProxy */;
		};
		10324B271CA627BD009041F5 /* PBXTargetDependency */ = {
			isa = PBXTargetDependency;
			target = 10324B021CA627BD009041F5 /* On The Map */;
			targetProxy = 10324B261CA627BD009041F5 /* PBXContainerItemProxy */;
		};
/* End PBXTargetDependency section */

/* Begin PBXVariantGroup section */
		10324B0A1CA627BD009041F5 /* Main.storyboard */ = {
			isa = PBXVariantGroup;
			children = (
				10324B0B1CA627BD009041F5 /* Base */,
			);
			name = Main.storyboard;
			sourceTree = "<group>";
		};
		10324B121CA627BD009041F5 /* LaunchScreen.storyboard */ = {
			isa = PBXVariantGroup;
			children = (
				10324B131CA627BD009041F5 /* Base */,
			);
			name = LaunchScreen.storyboard;
			sourceTree = "<group>";
		};
/* End PBXVariantGroup section */

/* Begin XCBuildConfiguration section */
		10324B2C1CA627BD009041F5 /* Debug */ = {
			isa = XCBuildConfiguration;
			buildSettings = {
				ALWAYS_SEARCH_USER_PATHS = NO;
				CLANG_CXX_LANGUAGE_STANDARD = "gnu++0x";
				CLANG_CXX_LIBRARY = "libc++";
				CLANG_ENABLE_MODULES = YES;
				CLANG_ENABLE_OBJC_ARC = YES;
				CLANG_WARN_BOOL_CONVERSION = YES;
				CLANG_WARN_CONSTANT_CONVERSION = YES;
				CLANG_WARN_DIRECT_OBJC_ISA_USAGE = YES_ERROR;
				CLANG_WARN_EMPTY_BODY = YES;
				CLANG_WARN_ENUM_CONVERSION = YES;
				CLANG_WARN_INT_CONVERSION = YES;
				CLANG_WARN_OBJC_ROOT_CLASS = YES_ERROR;
				CLANG_WARN_UNREACHABLE_CODE = YES;
				CLANG_WARN__DUPLICATE_METHOD_MATCH = YES;
				"CODE_SIGN_IDENTITY[sdk=iphoneos*]" = "iPhone Developer";
				COPY_PHASE_STRIP = NO;
				DEBUG_INFORMATION_FORMAT = dwarf;
				ENABLE_STRICT_OBJC_MSGSEND = YES;
				ENABLE_TESTABILITY = YES;
				GCC_C_LANGUAGE_STANDARD = gnu99;
				GCC_DYNAMIC_NO_PIC = NO;
				GCC_NO_COMMON_BLOCKS = YES;
				GCC_OPTIMIZATION_LEVEL = 0;
				GCC_PREPROCESSOR_DEFINITIONS = (
					"DEBUG=1",
					"$(inherited)",
				);
				GCC_WARN_64_TO_32_BIT_CONVERSION = YES;
				GCC_WARN_ABOUT_RETURN_TYPE = YES_ERROR;
				GCC_WARN_UNDECLARED_SELECTOR = YES;
				GCC_WARN_UNINITIALIZED_AUTOS = YES_AGGRESSIVE;
				GCC_WARN_UNUSED_FUNCTION = YES;
				GCC_WARN_UNUSED_VARIABLE = YES;
				IPHONEOS_DEPLOYMENT_TARGET = 9.1;
				MTL_ENABLE_DEBUG_INFO = YES;
				ONLY_ACTIVE_ARCH = YES;
				SDKROOT = iphoneos;
				SWIFT_OPTIMIZATION_LEVEL = "-Onone";
			};
			name = Debug;
		};
		10324B2D1CA627BD009041F5 /* Release */ = {
			isa = XCBuildConfiguration;
			buildSettings = {
				ALWAYS_SEARCH_USER_PATHS = NO;
				CLANG_CXX_LANGUAGE_STANDARD = "gnu++0x";
				CLANG_CXX_LIBRARY = "libc++";
				CLANG_ENABLE_MODULES = YES;
				CLANG_ENABLE_OBJC_ARC = YES;
				CLANG_WARN_BOOL_CONVERSION = YES;
				CLANG_WARN_CONSTANT_CONVERSION = YES;
				CLANG_WARN_DIRECT_OBJC_ISA_USAGE = YES_ERROR;
				CLANG_WARN_EMPTY_BODY = YES;
				CLANG_WARN_ENUM_CONVERSION = YES;
				CLANG_WARN_INT_CONVERSION = YES;
				CLANG_WARN_OBJC_ROOT_CLASS = YES_ERROR;
				CLANG_WARN_UNREACHABLE_CODE = YES;
				CLANG_WARN__DUPLICATE_METHOD_MATCH = YES;
				"CODE_SIGN_IDENTITY[sdk=iphoneos*]" = "iPhone Developer";
				COPY_PHASE_STRIP = NO;
				DEBUG_INFORMATION_FORMAT = "dwarf-with-dsym";
				ENABLE_NS_ASSERTIONS = NO;
				ENABLE_STRICT_OBJC_MSGSEND = YES;
				GCC_C_LANGUAGE_STANDARD = gnu99;
				GCC_NO_COMMON_BLOCKS = YES;
				GCC_WARN_64_TO_32_BIT_CONVERSION = YES;
				GCC_WARN_ABOUT_RETURN_TYPE = YES_ERROR;
				GCC_WARN_UNDECLARED_SELECTOR = YES;
				GCC_WARN_UNINITIALIZED_AUTOS = YES_AGGRESSIVE;
				GCC_WARN_UNUSED_FUNCTION = YES;
				GCC_WARN_UNUSED_VARIABLE = YES;
				IPHONEOS_DEPLOYMENT_TARGET = 9.1;
				MTL_ENABLE_DEBUG_INFO = NO;
				SDKROOT = iphoneos;
				VALIDATE_PRODUCT = YES;
			};
			name = Release;
		};
		10324B2F1CA627BD009041F5 /* Debug */ = {
			isa = XCBuildConfiguration;
			baseConfigurationReference = 07D2B375E41406CDB4CE12D7 /* Pods-On The Map.debug.xcconfig */;
			buildSettings = {
				ASSETCATALOG_COMPILER_APPICON_NAME = AppIcon;
				CLANG_ENABLE_MODULES = YES;
				CODE_SIGN_IDENTITY = "iPhone Developer";
				INFOPLIST_FILE = "On The Map/Info.plist";
				IPHONEOS_DEPLOYMENT_TARGET = 8.2;
				LD_RUNPATH_SEARCH_PATHS = "$(inherited) @executable_path/Frameworks";
				PRODUCT_BUNDLE_IDENTIFIER = "com.On-The-Map";
				PRODUCT_NAME = "$(TARGET_NAME)";
				SWIFT_OBJC_BRIDGING_HEADER = "On The Map/On The Map-Bridging-Header.h";
				SWIFT_OPTIMIZATION_LEVEL = "-Onone";
				TARGETED_DEVICE_FAMILY = "1,2";
			};
			name = Debug;
		};
		10324B301CA627BD009041F5 /* Release */ = {
			isa = XCBuildConfiguration;
			baseConfigurationReference = D584FFAD3E81028A31EF3F4B /* Pods-On The Map.release.xcconfig */;
			buildSettings = {
				ASSETCATALOG_COMPILER_APPICON_NAME = AppIcon;
				CLANG_ENABLE_MODULES = YES;
				CODE_SIGN_IDENTITY = "iPhone Developer";
				INFOPLIST_FILE = "On The Map/Info.plist";
				IPHONEOS_DEPLOYMENT_TARGET = 8.2;
				LD_RUNPATH_SEARCH_PATHS = "$(inherited) @executable_path/Frameworks";
				PRODUCT_BUNDLE_IDENTIFIER = "com.On-The-Map";
				PRODUCT_NAME = "$(TARGET_NAME)";
				SWIFT_OBJC_BRIDGING_HEADER = "On The Map/On The Map-Bridging-Header.h";
				TARGETED_DEVICE_FAMILY = "1,2";
			};
			name = Release;
		};
		10324B321CA627BD009041F5 /* Debug */ = {
			isa = XCBuildConfiguration;
			buildSettings = {
				BUNDLE_LOADER = "$(TEST_HOST)";
				INFOPLIST_FILE = "On The MapTests/Info.plist";
				LD_RUNPATH_SEARCH_PATHS = "$(inherited) @executable_path/Frameworks @loader_path/Frameworks";
				PRODUCT_BUNDLE_IDENTIFIER = "com.On-The-MapTests";
				PRODUCT_NAME = "$(TARGET_NAME)";
				TEST_HOST = "$(BUILT_PRODUCTS_DIR)/On The Map.app/On The Map";
			};
			name = Debug;
		};
		10324B331CA627BD009041F5 /* Release */ = {
			isa = XCBuildConfiguration;
			buildSettings = {
				BUNDLE_LOADER = "$(TEST_HOST)";
				INFOPLIST_FILE = "On The MapTests/Info.plist";
				LD_RUNPATH_SEARCH_PATHS = "$(inherited) @executable_path/Frameworks @loader_path/Frameworks";
				PRODUCT_BUNDLE_IDENTIFIER = "com.On-The-MapTests";
				PRODUCT_NAME = "$(TARGET_NAME)";
				TEST_HOST = "$(BUILT_PRODUCTS_DIR)/On The Map.app/On The Map";
			};
			name = Release;
		};
		10324B351CA627BD009041F5 /* Debug */ = {
			isa = XCBuildConfiguration;
			buildSettings = {
				INFOPLIST_FILE = "On The MapUITests/Info.plist";
				LD_RUNPATH_SEARCH_PATHS = "$(inherited) @executable_path/Frameworks @loader_path/Frameworks";
				PRODUCT_BUNDLE_IDENTIFIER = "com.On-The-MapUITests";
				PRODUCT_NAME = "$(TARGET_NAME)";
				TEST_TARGET_NAME = "On The Map";
				USES_XCTRUNNER = YES;
			};
			name = Debug;
		};
		10324B361CA627BD009041F5 /* Release */ = {
			isa = XCBuildConfiguration;
			buildSettings = {
				INFOPLIST_FILE = "On The MapUITests/Info.plist";
				LD_RUNPATH_SEARCH_PATHS = "$(inherited) @executable_path/Frameworks @loader_path/Frameworks";
				PRODUCT_BUNDLE_IDENTIFIER = "com.On-The-MapUITests";
				PRODUCT_NAME = "$(TARGET_NAME)";
				TEST_TARGET_NAME = "On The Map";
				USES_XCTRUNNER = YES;
			};
			name = Release;
		};
/* End XCBuildConfiguration section */

/* Begin XCConfigurationList section */
		10324AFE1CA627BD009041F5 /* Build configuration list for PBXProject "On The Map" */ = {
			isa = XCConfigurationList;
			buildConfigurations = (
				10324B2C1CA627BD009041F5 /* Debug */,
				10324B2D1CA627BD009041F5 /* Release */,
			);
			defaultConfigurationIsVisible = 0;
			defaultConfigurationName = Release;
		};
		10324B2E1CA627BD009041F5 /* Build configuration list for PBXNativeTarget "On The Map" */ = {
			isa = XCConfigurationList;
			buildConfigurations = (
				10324B2F1CA627BD009041F5 /* Debug */,
				10324B301CA627BD009041F5 /* Release */,
			);
			defaultConfigurationIsVisible = 0;
			defaultConfigurationName = Release;
		};
		10324B311CA627BD009041F5 /* Build configuration list for PBXNativeTarget "On The MapTests" */ = {
			isa = XCConfigurationList;
			buildConfigurations = (
				10324B321CA627BD009041F5 /* Debug */,
				10324B331CA627BD009041F5 /* Release */,
			);
			defaultConfigurationIsVisible = 0;
			defaultConfigurationName = Release;
		};
		10324B341CA627BD009041F5 /* Build configuration list for PBXNativeTarget "On The MapUITests" */ = {
			isa = XCConfigurationList;
			buildConfigurations = (
				10324B351CA627BD009041F5 /* Debug */,
				10324B361CA627BD009041F5 /* Release */,
			);
			defaultConfigurationIsVisible = 0;
			defaultConfigurationName = Release;
		};
/* End XCConfigurationList section */

/* Begin XCVersionGroup section */
		10324B0D1CA627BD009041F5 /* On_The_Map.xcdatamodeld */ = {
			isa = XCVersionGroup;
			children = (
				10324B0E1CA627BD009041F5 /* On_The_Map.xcdatamodel */,
			);
			currentVersion = 10324B0E1CA627BD009041F5 /* On_The_Map.xcdatamodel */;
			path = On_The_Map.xcdatamodeld;
			sourceTree = "<group>";
			versionGroupType = wrapper.xcdatamodel;
		};
/* End XCVersionGroup section */
	};
	rootObject = 10324AFB1CA627BC009041F5 /* Project object */;
}
